
Microsoft Visual Studio Solution File, Format Version 12.00
# Visual Studio Version 17
VisualStudioVersion = 17.5.33530.505
MinimumVisualStudioVersion = 10.0.40219.1
Project("{9A19103F-16F7-4668-BE54-9A1E7A4F7556}") = "ProjetoFinal-API", "ProjetoFinal-API.csproj", "{8A5C06F0-E2D2-4739-AFFE-7AAC7E2B7DD7}"
EndProject
Project("{9A19103F-16F7-4668-BE54-9A1E7A4F7556}") = "ClassLibrary", "..\ClassLibrary\ClassLibrary.csproj", "{0DCB13E9-8AC2-4CB6-A1DA-5B74A0B21F89}"
EndProject
Project("{2150E333-8FDC-42A3-9474-1A3956D46DE8}") = "Solution Items", "Solution Items", "{933B13A8-5848-42D4-8525-240CAB13349A}"
	ProjectSection(SolutionItems) = preProject
		.editorconfig = .editorconfig
	EndProjectSection
EndProject
Global
	GlobalSection(SolutionConfigurationPlatforms) = preSolution
		Debug|Any CPU = Debug|Any CPU
		Release|Any CPU = Release|Any CPU
	EndGlobalSection
	GlobalSection(ProjectConfigurationPlatforms) = postSolution
		{8A5C06F0-E2D2-4739-AFFE-7AAC7E2B7DD7}.Debug|Any CPU.ActiveCfg = Debug|Any CPU
		{8A5C06F0-E2D2-4739-AFFE-7AAC7E2B7DD7}.Debug|Any CPU.Build.0 = Debug|Any CPU
		{8A5C06F0-E2D2-4739-AFFE-7AAC7E2B7DD7}.Release|Any CPU.ActiveCfg = Release|Any CPU
		{8A5C06F0-E2D2-4739-AFFE-7AAC7E2B7DD7}.Release|Any CPU.Build.0 = Release|Any CPU
		{0DCB13E9-8AC2-4CB6-A1DA-5B74A0B21F89}.Debug|Any CPU.ActiveCfg = Debug|Any CPU
		{0DCB13E9-8AC2-4CB6-A1DA-5B74A0B21F89}.Debug|Any CPU.Build.0 = Debug|Any CPU
		{0DCB13E9-8AC2-4CB6-A1DA-5B74A0B21F89}.Release|Any CPU.ActiveCfg = Release|Any CPU
		{0DCB13E9-8AC2-4CB6-A1DA-5B74A0B21F89}.Release|Any CPU.Build.0 = Release|Any CPU
	EndGlobalSection
	GlobalSection(SolutionProperties) = preSolution
		HideSolutionNode = FALSE
	EndGlobalSection
	GlobalSection(ExtensibilityGlobals) = postSolution
		SolutionGuid = {B510789D-5923-49EA-AFCE-D69355AFCD17}
	EndGlobalSection
EndGlobal
